
Microsoft Visual Studio Solution File, Format Version 12.00
# Visual Studio Version 17
VisualStudioVersion = 17.10.34928.147
MinimumVisualStudioVersion = 10.0.40219.1
Project("{54A90642-561A-4BB1-A94E-469ADEE60C69}") = "app1", "app1\app1.esproj", "{0D5D3B0F-4CE7-40F2-8E2A-44000119CDA4}"
EndProject
Project("{2150E333-8FDC-42A3-9474-1A3956D46DE8}") = "Itens de Solução", "Itens de Solução", "{4922DE08-1008-4082-88A8-7C46361FF541}"
	ProjectSection(SolutionItems) = preProject
		index.html = index.html
	EndProjectSection
EndProject
Global
	GlobalSection(SolutionConfigurationPlatforms) = preSolution
		Debug|Any CPU = Debug|Any CPU
		Release|Any CPU = Release|Any CPU
	EndGlobalSection
	GlobalSection(ProjectConfigurationPlatforms) = postSolution
		{0D5D3B0F-4CE7-40F2-8E2A-44000119CDA4}.Debug|Any CPU.ActiveCfg = Debug|Any CPU
		{0D5D3B0F-4CE7-40F2-8E2A-44000119CDA4}.Debug|Any CPU.Build.0 = Debug|Any CPU
		{0D5D3B0F-4CE7-40F2-8E2A-44000119CDA4}.Debug|Any CPU.Deploy.0 = Debug|Any CPU
		{0D5D3B0F-4CE7-40F2-8E2A-44000119CDA4}.Release|Any CPU.ActiveCfg = Release|Any CPU
		{0D5D3B0F-4CE7-40F2-8E2A-44000119CDA4}.Release|Any CPU.Build.0 = Release|Any CPU
		{0D5D3B0F-4CE7-40F2-8E2A-44000119CDA4}.Release|Any CPU.Deploy.0 = Release|Any CPU
	EndGlobalSection
	GlobalSection(SolutionProperties) = preSolution
		HideSolutionNode = FALSE
	EndGlobalSection
	GlobalSection(ExtensibilityGlobals) = postSolution
		SolutionGuid = {F0DE8D7B-3BBE-489E-AFCF-169FE04FCAB0}
	EndGlobalSection
EndGlobal
